
Microsoft Visual Studio Solution File, Format Version 12.00
# Visual Studio 15
VisualStudioVersion = 15.0.27703.2035
MinimumVisualStudioVersion = 10.0.40219.1
Project("{FAE04EC0-301F-11D3-BF4B-00C04F79EFBC}") = "NumberCruncher13_1", "NumberCruncher13_1\NumberCruncher13_1.csproj", "{197A889A-A3AC-4D94-BD8D-D4885E946411}"
EndProject
Global
	GlobalSection(SolutionConfigurationPlatforms) = preSolution
		Debug|Any CPU = Debug|Any CPU
		Release|Any CPU = Release|Any CPU
	EndGlobalSection
	GlobalSection(ProjectConfigurationPlatforms) = postSolution
		{197A889A-A3AC-4D94-BD8D-D4885E946411}.Debug|Any CPU.ActiveCfg = Debug|Any CPU
		{197A889A-A3AC-4D94-BD8D-D4885E946411}.Debug|Any CPU.Build.0 = Debug|Any CPU
		{197A889A-A3AC-4D94-BD8D-D4885E946411}.Release|Any CPU.ActiveCfg = Release|Any CPU
		{197A889A-A3AC-4D94-BD8D-D4885E946411}.Release|Any CPU.Build.0 = Release|Any CPU
	EndGlobalSection
	GlobalSection(SolutionProperties) = preSolution
		HideSolutionNode = FALSE
	EndGlobalSection
	GlobalSection(ExtensibilityGlobals) = postSolution
		SolutionGuid = {513F48E1-8574-4623-A367-070D4233D701}
	EndGlobalSection
EndGlobal
